
Microsoft Visual Studio Solution File, Format Version 12.00
# Visual Studio 2012
Project("{2150E333-8FDC-42A3-9474-1A3956D46DE8}") = "Tests", "Tests", "{BF370A70-A6D2-4433-903D-6E10D2DF47CC}"
EndProject
Project("{2150E333-8FDC-42A3-9474-1A3956D46DE8}") = "Application", "Application", "{70C852FB-3A7E-4D35-8E31-C37703C54089}"
EndProject
Project("{FAE04EC0-301F-11D3-BF4B-00C04F79EFBC}") = "MySOD.Core", "MySOD.Core\MySOD.Core.csproj", "{7498F60B-785F-4A5A-8052-644540005E88}"
EndProject
Project("{FAE04EC0-301F-11D3-BF4B-00C04F79EFBC}") = "MySOD.Core.Tests", "MySOD.Core.Tests\MySOD.Core.Tests.csproj", "{5A7808BB-9626-4F27-AD59-33A1AEC1CE06}"
EndProject
Global
	GlobalSection(SolutionConfigurationPlatforms) = preSolution
		Debug|Any CPU = Debug|Any CPU
		Release|Any CPU = Release|Any CPU
	EndGlobalSection
	GlobalSection(ProjectConfigurationPlatforms) = postSolution
		{7498F60B-785F-4A5A-8052-644540005E88}.Debug|Any CPU.ActiveCfg = Debug|Any CPU
		{7498F60B-785F-4A5A-8052-644540005E88}.Debug|Any CPU.Build.0 = Debug|Any CPU
		{7498F60B-785F-4A5A-8052-644540005E88}.Release|Any CPU.ActiveCfg = Release|Any CPU
		{7498F60B-785F-4A5A-8052-644540005E88}.Release|Any CPU.Build.0 = Release|Any CPU
		{5A7808BB-9626-4F27-AD59-33A1AEC1CE06}.Debug|Any CPU.ActiveCfg = Debug|Any CPU
		{5A7808BB-9626-4F27-AD59-33A1AEC1CE06}.Debug|Any CPU.Build.0 = Debug|Any CPU
		{5A7808BB-9626-4F27-AD59-33A1AEC1CE06}.Release|Any CPU.ActiveCfg = Release|Any CPU
		{5A7808BB-9626-4F27-AD59-33A1AEC1CE06}.Release|Any CPU.Build.0 = Release|Any CPU
	EndGlobalSection
	GlobalSection(SolutionProperties) = preSolution
		HideSolutionNode = FALSE
	EndGlobalSection
	GlobalSection(NestedProjects) = preSolution
		{7498F60B-785F-4A5A-8052-644540005E88} = {70C852FB-3A7E-4D35-8E31-C37703C54089}
		{5A7808BB-9626-4F27-AD59-33A1AEC1CE06} = {BF370A70-A6D2-4433-903D-6E10D2DF47CC}
	EndGlobalSection
EndGlobal
