
Microsoft Visual Studio Solution File, Format Version 12.00
# Visual Studio 2012
Project("{FAE04EC0-301F-11D3-BF4B-00C04F79EFBC}") = "MySOD.UI", "MySOD.UI\MySOD.UI.csproj", "{5A304D36-5970-44A7-85EE-2E5240D3ED04}"
EndProject
Project("{FAE04EC0-301F-11D3-BF4B-00C04F79EFBC}") = "MySOD.Core", "MySOD.Core\MySOD.Core.csproj", "{518F1685-8BEA-4050-B629-9B4CA7D42263}"
EndProject
Project("{FAE04EC0-301F-11D3-BF4B-00C04F79EFBC}") = "MySOD.Core.Tests", "MySOD.Core.Tests\MySOD.Core.Tests.csproj", "{2B928706-8CD2-47C4-96A7-07CC65DAD473}"
EndProject
Global
	GlobalSection(SolutionConfigurationPlatforms) = preSolution
		Debug|Any CPU = Debug|Any CPU
		Release|Any CPU = Release|Any CPU
	EndGlobalSection
	GlobalSection(ProjectConfigurationPlatforms) = postSolution
		{5A304D36-5970-44A7-85EE-2E5240D3ED04}.Debug|Any CPU.ActiveCfg = Debug|Any CPU
		{5A304D36-5970-44A7-85EE-2E5240D3ED04}.Debug|Any CPU.Build.0 = Debug|Any CPU
		{5A304D36-5970-44A7-85EE-2E5240D3ED04}.Release|Any CPU.ActiveCfg = Release|Any CPU
		{5A304D36-5970-44A7-85EE-2E5240D3ED04}.Release|Any CPU.Build.0 = Release|Any CPU
		{518F1685-8BEA-4050-B629-9B4CA7D42263}.Debug|Any CPU.ActiveCfg = Debug|Any CPU
		{518F1685-8BEA-4050-B629-9B4CA7D42263}.Debug|Any CPU.Build.0 = Debug|Any CPU
		{518F1685-8BEA-4050-B629-9B4CA7D42263}.Release|Any CPU.ActiveCfg = Release|Any CPU
		{518F1685-8BEA-4050-B629-9B4CA7D42263}.Release|Any CPU.Build.0 = Release|Any CPU
		{2B928706-8CD2-47C4-96A7-07CC65DAD473}.Debug|Any CPU.ActiveCfg = Debug|Any CPU
		{2B928706-8CD2-47C4-96A7-07CC65DAD473}.Debug|Any CPU.Build.0 = Debug|Any CPU
		{2B928706-8CD2-47C4-96A7-07CC65DAD473}.Release|Any CPU.ActiveCfg = Release|Any CPU
		{2B928706-8CD2-47C4-96A7-07CC65DAD473}.Release|Any CPU.Build.0 = Release|Any CPU
	EndGlobalSection
	GlobalSection(SolutionProperties) = preSolution
		HideSolutionNode = FALSE
	EndGlobalSection
EndGlobal
